# Hashed, wheel-only build toolchain for Python 3.11 release jobs.
# Install with: python -m pip install --require-hashes -r requirements-build.lock
build==1.5.1 \
    --hash=sha256:f1a58fe2e5af5b0238a07b9e70207492c79ddebbdb1ad954fc86d62a56be3e0d
colorama==0.4.6; sys_platform == "win32" \
    --hash=sha256:4f1d9991f5acc0ca119f9d443620b77f9d6b33703e51011c16baf57afb285fc6
packaging==26.0 \
    --hash=sha256:b36f1fef9334a5588b4166f8bcd26a14e521f2b55e6b9de3aaa80d3ff7a37529
pyproject-hooks==1.2.0 \
    --hash=sha256:9e5c6bfa8dcc30091c74b0cf803c81fdd29d94f01992a7707bc97babb1141913
setuptools==83.0.0 \
    --hash=sha256:29b23c360f22f414dc7336bb39178cc7bcbf6021ed2733cde173f09dba19abb3
wheel==0.47.0 \
    --hash=sha256:212281cab4dff978f6cedd499cd893e1f620791ca6ff7107cf270781e587eced
